
Microsoft Visual Studio Solution File, Format Version 12.00
# Visual Studio Version 16
VisualStudioVersion = 16.0.33529.622
MinimumVisualStudioVersion = 10.0.40219.1
Project("{888888A0-9F3D-457C-B088-3A5042F75D52}") = "DWBIProject", "DWBIProject.pyproj", "{B0BD5862-3922-46BA-9BF9-2923A5557EFB}"
EndProject
Global
	GlobalSection(SolutionConfigurationPlatforms) = preSolution
		Debug|Any CPU = Debug|Any CPU
		Release|Any CPU = Release|Any CPU
	EndGlobalSection
	GlobalSection(ProjectConfigurationPlatforms) = postSolution
		{B0BD5862-3922-46BA-9BF9-2923A5557EFB}.Debug|Any CPU.ActiveCfg = Debug|Any CPU
		{B0BD5862-3922-46BA-9BF9-2923A5557EFB}.Debug|Any CPU.Build.0 = Debug|Any CPU
		{B0BD5862-3922-46BA-9BF9-2923A5557EFB}.Release|Any CPU.ActiveCfg = Release|Any CPU
		{B0BD5862-3922-46BA-9BF9-2923A5557EFB}.Release|Any CPU.Build.0 = Release|Any CPU
	EndGlobalSection
	GlobalSection(SolutionProperties) = preSolution
		HideSolutionNode = FALSE
	EndGlobalSection
	GlobalSection(ExtensibilityGlobals) = postSolution
		SolutionGuid = {C1AD3D35-BE2E-437F-8B33-A0320C2C69FB}
	EndGlobalSection
EndGlobal
